
Microsoft Visual Studio Solution File, Format Version 12.00
# Visual Studio 15
VisualStudioVersion = 15.0.28307.572
MinimumVisualStudioVersion = 10.0.40219.1
Project("{9A19103F-16F7-4668-BE54-9A1E7A4F7556}") = "SecurityWeakness.Web", "SecurityWeakness.Web\SecurityWeakness.Web.csproj", "{EC9737AC-2690-4373-A30B-A8F2849A0553}"
EndProject
Project("{9A19103F-16F7-4668-BE54-9A1E7A4F7556}") = "SecurityWeakness.Domain", "SecurityWeakness.Domain\SecurityWeakness.Domain.csproj", "{5101366E-EE69-4B70-8159-0037A43552A5}"
EndProject
Project("{9A19103F-16F7-4668-BE54-9A1E7A4F7556}") = "SecurityWeakness.Infrastructure.SQL", "SecurityWeakness.Infrastructure.SQL\SecurityWeakness.Infrastructure.SQL.csproj", "{03501738-5A31-4471-A123-54D7D4692873}"
EndProject
Project("{2150E333-8FDC-42A3-9474-1A3956D46DE8}") = "Solution Items", "Solution Items", "{BEA41079-C740-4E93-A296-FB2981F2EA99}"
	ProjectSection(SolutionItems) = preProject
		..\.dockerignore = ..\.dockerignore
		..\docker-compose.yml = ..\docker-compose.yml
		..\Dockerfile = ..\Dockerfile
	EndProjectSection
EndProject
Project("{9A19103F-16F7-4668-BE54-9A1E7A4F7556}") = "SecurityWeakness.Core", "SecurityWeakness.Core\SecurityWeakness.Core.csproj", "{6F4326A7-A78A-4105-A6AD-B670ED23A6F2}"
EndProject
Global
	GlobalSection(SolutionConfigurationPlatforms) = preSolution
		Debug|Any CPU = Debug|Any CPU
		Release|Any CPU = Release|Any CPU
	EndGlobalSection
	GlobalSection(ProjectConfigurationPlatforms) = postSolution
		{EC9737AC-2690-4373-A30B-A8F2849A0553}.Debug|Any CPU.ActiveCfg = Debug|Any CPU
		{EC9737AC-2690-4373-A30B-A8F2849A0553}.Debug|Any CPU.Build.0 = Debug|Any CPU
		{EC9737AC-2690-4373-A30B-A8F2849A0553}.Release|Any CPU.ActiveCfg = Release|Any CPU
		{EC9737AC-2690-4373-A30B-A8F2849A0553}.Release|Any CPU.Build.0 = Release|Any CPU
		{5101366E-EE69-4B70-8159-0037A43552A5}.Debug|Any CPU.ActiveCfg = Debug|Any CPU
		{5101366E-EE69-4B70-8159-0037A43552A5}.Debug|Any CPU.Build.0 = Debug|Any CPU
		{5101366E-EE69-4B70-8159-0037A43552A5}.Release|Any CPU.ActiveCfg = Release|Any CPU
		{5101366E-EE69-4B70-8159-0037A43552A5}.Release|Any CPU.Build.0 = Release|Any CPU
		{03501738-5A31-4471-A123-54D7D4692873}.Debug|Any CPU.ActiveCfg = Debug|Any CPU
		{03501738-5A31-4471-A123-54D7D4692873}.Debug|Any CPU.Build.0 = Debug|Any CPU
		{03501738-5A31-4471-A123-54D7D4692873}.Release|Any CPU.ActiveCfg = Release|Any CPU
		{03501738-5A31-4471-A123-54D7D4692873}.Release|Any CPU.Build.0 = Release|Any CPU
		{6F4326A7-A78A-4105-A6AD-B670ED23A6F2}.Debug|Any CPU.ActiveCfg = Debug|Any CPU
		{6F4326A7-A78A-4105-A6AD-B670ED23A6F2}.Debug|Any CPU.Build.0 = Debug|Any CPU
		{6F4326A7-A78A-4105-A6AD-B670ED23A6F2}.Release|Any CPU.ActiveCfg = Release|Any CPU
		{6F4326A7-A78A-4105-A6AD-B670ED23A6F2}.Release|Any CPU.Build.0 = Release|Any CPU
	EndGlobalSection
	GlobalSection(SolutionProperties) = preSolution
		HideSolutionNode = FALSE
	EndGlobalSection
	GlobalSection(ExtensibilityGlobals) = postSolution
		SolutionGuid = {60FE3712-05D1-4A5B-A306-D9BA9C37EF50}
	EndGlobalSection
EndGlobal
